{
  "requires": true,
  "lockfileVersion": 1,
  "dependencies": {
    "sass.js": {
      "version": "0.10.7",
      "resolved": "https://registry.npmjs.org/sass.js/-/sass.js-0.10.7.tgz",
      "integrity": "sha512-HsCpVBkxigI3iGtkhdCeZdOAwdF6djEB48rTtuGgCGJOi/rY7XxvH6qgILJRbGxzv4CLSkm2jexoruLZRvT6TQ=="
    }
  }
}
